
Microsoft Visual Studio Solution File, Format Version 12.00
# Visual Studio Version 17
VisualStudioVersion = 17.9.34701.34
MinimumVisualStudioVersion = 10.0.40219.1
Project("{FAE04EC0-301F-11D3-BF4B-00C04F79EFBC}") = "технолог", "технолог\технолог.csproj", "{A622CA97-CB42-47FF-8CF3-B9FE14DD3DBA}"
EndProject
Global
	GlobalSection(SolutionConfigurationPlatforms) = preSolution
		Debug|Any CPU = Debug|Any CPU
		Release|Any CPU = Release|Any CPU
	EndGlobalSection
	GlobalSection(ProjectConfigurationPlatforms) = postSolution
		{A622CA97-CB42-47FF-8CF3-B9FE14DD3DBA}.Debug|Any CPU.ActiveCfg = Debug|Any CPU
		{A622CA97-CB42-47FF-8CF3-B9FE14DD3DBA}.Debug|Any CPU.Build.0 = Debug|Any CPU
		{A622CA97-CB42-47FF-8CF3-B9FE14DD3DBA}.Release|Any CPU.ActiveCfg = Release|Any CPU
		{A622CA97-CB42-47FF-8CF3-B9FE14DD3DBA}.Release|Any CPU.Build.0 = Release|Any CPU
	EndGlobalSection
	GlobalSection(SolutionProperties) = preSolution
		HideSolutionNode = FALSE
	EndGlobalSection
	GlobalSection(ExtensibilityGlobals) = postSolution
		SolutionGuid = {E9DB9C4C-8DAC-4983-8857-74FD213A2091}
	EndGlobalSection
EndGlobal
